{
  "name": "yug-broker-server",
  "lockfileVersion": 3,
  "requires": true,
  "packages": {
    "": {
      "dependencies": {
        "dayjs": "^1.11.13",
        "node-firebird": "^1.1.9"
      }
    },
    "node_modules/big-integer": {
      "version": "1.6.52",
      "resolved": "https://registry.npmjs.org/big-integer/-/big-integer-1.6.52.tgz",
      "integrity": "sha512-QxD8cf2eVqJOOz63z6JIN9BzvVs/dlySa5HGSBH5xtR8dPteIRQnBxxKqkNTiT6jbDTF6jAfrd4oMcND9RGbQg==",
      "license": "Unlicense",
      "engines": {
        "node": ">=0.6"
      }
    },
    "node_modules/dayjs": {
      "version": "1.11.13",
      "resolved": "https://registry.npmjs.org/dayjs/-/dayjs-1.11.13.tgz",
      "integrity": "sha512-oaMBel6gjolK862uaPQOVTA7q3TZhuSvuMQAAglQDOWYO9A91IrAOUJEyKVlqJlHE0vq5p5UXxzdPfMH/x6xNg==",
      "license": "MIT"
    },
    "node_modules/long": {
      "version": "5.3.1",
      "resolved": "https://registry.npmjs.org/long/-/long-5.3.1.tgz",
      "integrity": "sha512-ka87Jz3gcx/I7Hal94xaN2tZEOPoUOEVftkQqZx2EeQRN7LGdfLlI3FvZ+7WDplm+vK2Urx9ULrvSowtdCieng==",
      "license": "Apache-2.0"
    },
    "node_modules/node-firebird": {
      "version": "1.1.9",
      "resolved": "https://registry.npmjs.org/node-firebird/-/node-firebird-1.1.9.tgz",
      "integrity": "sha512-6Ol+Koide1WbfUp4BJ1dSA4wm091jAgCwwSoihxO/RRdcfR+dMVDE9jd2Z2ixjk7q/vSNJUYORXv7jmRfvwdrw==",
      "license": "MPL-2.0",
      "dependencies": {
        "big-integer": "^1.6.51",
        "long": "^5.2.3"
      }
    }
  }
}
